// !$*UTF8*$!
{
	archiveVersion = 1;
	classes = {
	};
	objectVersion = 55;
	objects = {

/* Begin PBXBuildFile section */
		2624D9112747D15600F958F8 /* EncouragementMessages.swift in Sources */ = {isa = PBXBuildFile; fileRef = 2624D9102747D15600F958F8 /* EncouragementMessages.swift */; };
		2624D9152748E25100F958F8 /* LoadingView.swift in Sources */ = {isa = PBXBuildFile; fileRef = 2624D9142748E25100F958F8 /* LoadingView.swift */; };
		263829582744AD2000CDA75B /* SpellingTestView.swift in Sources */ = {isa = PBXBuildFile; fileRef = 263829572744AD2000CDA75B /* SpellingTestView.swift */; };
		26A8EB0827433EA30004FEAE /* NewSpellingView.swift in Sources */ = {isa = PBXBuildFile; fileRef = 26A8EB0727433EA30004FEAE /* NewSpellingView.swift */; };
		26A8EB0A2743D5CF0004FEAE /* AttemptView.swift in Sources */ = {isa = PBXBuildFile; fileRef = 26A8EB092743D5CE0004FEAE /* AttemptView.swift */; };
		26A8EB0C2743E2920004FEAE /* WordMeaningView.swift in Sources */ = {isa = PBXBuildFile; fileRef = 26A8EB0B2743E2920004FEAE /* WordMeaningView.swift */; };
		26A959F72744E77100319126 /* CheckAnswerView.swift in Sources */ = {isa = PBXBuildFile; fileRef = 26A959F62744E77100319126 /* CheckAnswerView.swift */; };
		26A959F9274522D400319126 /* PastSpellingView.swift in Sources */ = {isa = PBXBuildFile; fileRef = 26A959F8274522D400319126 /* PastSpellingView.swift */; };
		26A959FB27452B9700319126 /* ScoreFinalizationView.swift in Sources */ = {isa = PBXBuildFile; fileRef = 26A959FA27452B9700319126 /* ScoreFinalizationView.swift */; };
		26A959FD2745363100319126 /* CircularProgressView.swift in Sources */ = {isa = PBXBuildFile; fileRef = 26A959FC2745363100319126 /* CircularProgressView.swift */; };
		26B7158427476FCB00E35E1B /* ImagePicker.swift in Sources */ = {isa = PBXBuildFile; fileRef = 26B7158327476FCB00E35E1B /* ImagePicker.swift */; };
		3A1E574C2742332E00FC067A /* Colours.xcassets in Resources */ = {isa = PBXBuildFile; fileRef = 3A1E574B2742332E00FC067A /* Colours.xcassets */; };
		3A2CB7E5274940030074730D /* graphics.json in Resources */ = {isa = PBXBuildFile; fileRef = 3A2CB7E4274940030074730D /* graphics.json */; };
		3A2CB7E9274941C10074730D /* Graphics.swift in Sources */ = {isa = PBXBuildFile; fileRef = 3A2CB7E8274941C10074730D /* Graphics.swift */; };
		3A6E5EA6273BA943006F6AF1 /* writeziApp.swift in Sources */ = {isa = PBXBuildFile; fileRef = 3A6E5EA5273BA943006F6AF1 /* writeziApp.swift */; };
		3A6E5EA8273BA943006F6AF1 /* ContentView.swift in Sources */ = {isa = PBXBuildFile; fileRef = 3A6E5EA7273BA943006F6AF1 /* ContentView.swift */; };
		3A6E5EAA273BA948006F6AF1 /* Assets.xcassets in Resources */ = {isa = PBXBuildFile; fileRef = 3A6E5EA9273BA948006F6AF1 /* Assets.xcassets */; };
		3A6E5EAD273BA948006F6AF1 /* Preview Assets.xcassets in Resources */ = {isa = PBXBuildFile; fileRef = 3A6E5EAC273BA948006F6AF1 /* Preview Assets.xcassets */; };
		3AB46A7D273F55E4008AE14E /* Spelling.swift in Sources */ = {isa = PBXBuildFile; fileRef = 3AB46A7C273F55E4008AE14E /* Spelling.swift */; };
		3ABD77682747356A0044E324 /* EditSpellingView.swift in Sources */ = {isa = PBXBuildFile; fileRef = 3ABD7767274735690044E324 /* EditSpellingView.swift */; };
		3AD02DA22745ED68001B1458 /* DataManager.swift in Sources */ = {isa = PBXBuildFile; fileRef = 3AD02DA12745ED68001B1458 /* DataManager.swift */; };
		6A29D5F82747800300C86D8F /* parsed-json.json in Resources */ = {isa = PBXBuildFile; fileRef = 6A29D5F72747800300C86D8F /* parsed-json.json */; };
/* End PBXBuildFile section */

/* Begin PBXFileReference section */
		2624D9102747D15600F958F8 /* EncouragementMessages.swift */ = {isa = PBXFileReference; lastKnownFileType = sourcecode.swift; path = EncouragementMessages.swift; sourceTree = "<group>"; };
		2624D9142748E25100F958F8 /* LoadingView.swift */ = {isa = PBXFileReference; lastKnownFileType = sourcecode.swift; path = LoadingView.swift; sourceTree = "<group>"; };
		263829572744AD2000CDA75B /* SpellingTestView.swift */ = {isa = PBXFileReference; lastKnownFileType = sourcecode.swift; path = SpellingTestView.swift; sourceTree = "<group>"; };
		26A8EB0727433EA30004FEAE /* NewSpellingView.swift */ = {isa = PBXFileReference; lastKnownFileType = sourcecode.swift; path = NewSpellingView.swift; sourceTree = "<group>"; };
		26A8EB092743D5CE0004FEAE /* AttemptView.swift */ = {isa = PBXFileReference; lastKnownFileType = sourcecode.swift; path = AttemptView.swift; sourceTree = "<group>"; };
		26A8EB0B2743E2920004FEAE /* WordMeaningView.swift */ = {isa = PBXFileReference; lastKnownFileType = sourcecode.swift; path = WordMeaningView.swift; sourceTree = "<group>"; };
		26A959F62744E77100319126 /* CheckAnswerView.swift */ = {isa = PBXFileReference; lastKnownFileType = sourcecode.swift; path = CheckAnswerView.swift; sourceTree = "<group>"; };
		26A959F8274522D400319126 /* PastSpellingView.swift */ = {isa = PBXFileReference; lastKnownFileType = sourcecode.swift; path = PastSpellingView.swift; sourceTree = "<group>"; };
		26A959FA27452B9700319126 /* ScoreFinalizationView.swift */ = {isa = PBXFileReference; lastKnownFileType = sourcecode.swift; path = ScoreFinalizationView.swift; sourceTree = "<group>"; };
		26A959FC2745363100319126 /* CircularProgressView.swift */ = {isa = PBXFileReference; lastKnownFileType = sourcecode.swift; path = CircularProgressView.swift; sourceTree = "<group>"; };
		26B7158327476FCB00E35E1B /* ImagePicker.swift */ = {isa = PBXFileReference; lastKnownFileType = sourcecode.swift; path = ImagePicker.swift; sourceTree = "<group>"; };
		3A1E574B2742332E00FC067A /* Colours.xcassets */ = {isa = PBXFileReference; lastKnownFileType = folder.assetcatalog; path = Colours.xcassets; sourceTree = "<group>"; };
		3A2CB7E4274940030074730D /* graphics.json */ = {isa = PBXFileReference; fileEncoding = 4; lastKnownFileType = text.json; path = graphics.json; sourceTree = "<group>"; };
		3A2CB7E8274941C10074730D /* Graphics.swift */ = {isa = PBXFileReference; lastKnownFileType = sourcecode.swift; path = Graphics.swift; sourceTree = "<group>"; };
		3A6E5EA2273BA943006F6AF1 /* writezi.app */ = {isa = PBXFileReference; explicitFileType = wrapper.application; includeInIndex = 0; path = writezi.app; sourceTree = BUILT_PRODUCTS_DIR; };
		3A6E5EA5273BA943006F6AF1 /* writeziApp.swift */ = {isa = PBXFileReference; lastKnownFileType = sourcecode.swift; path = writeziApp.swift; sourceTree = "<group>"; };
		3A6E5EA7273BA943006F6AF1 /* ContentView.swift */ = {isa = PBXFileReference; lastKnownFileType = sourcecode.swift; path = ContentView.swift; sourceTree = "<group>"; };
		3A6E5EA9273BA948006F6AF1 /* Assets.xcassets */ = {isa = PBXFileReference; lastKnownFileType = folder.assetcatalog; path = Assets.xcassets; sourceTree = "<group>"; };
		3A6E5EAC273BA948006F6AF1 /* Preview Assets.xcassets */ = {isa = PBXFileReference; lastKnownFileType = folder.assetcatalog; path = "Preview Assets.xcassets"; sourceTree = "<group>"; };
		3AB46A7C273F55E4008AE14E /* Spelling.swift */ = {isa = PBXFileReference; lastKnownFileType = sourcecode.swift; path = Spelling.swift; sourceTree = "<group>"; };
		3ABD7767274735690044E324 /* EditSpellingView.swift */ = {isa = PBXFileReference; lastKnownFileType = sourcecode.swift; path = EditSpellingView.swift; sourceTree = "<group>"; };
		3AD02DA12745ED68001B1458 /* DataManager.swift */ = {isa = PBXFileReference; lastKnownFileType = sourcecode.swift; path = DataManager.swift; sourceTree = "<group>"; };
		6A29D5F72747800300C86D8F /* parsed-json.json */ = {isa = PBXFileReference; fileEncoding = 4; lastKnownFileType = text.json; path = "parsed-json.json"; sourceTree = "<group>"; };
/* End PBXFileReference section */

/* Begin PBXFrameworksBuildPhase section */
		3A6E5E9F273BA943006F6AF1 /* Frameworks */ = {
			isa = PBXFrameworksBuildPhase;
			buildActionMask = 2147483647;
			files = (
			);
			runOnlyForDeploymentPostprocessing = 0;
		};
/* End PBXFrameworksBuildPhase section */

/* Begin PBXGroup section */
		3A2CB7E327493AE00074730D /* SubViews */ = {
			isa = PBXGroup;
			children = (
				2624D9142748E25100F958F8 /* LoadingView.swift */,
				26B7158327476FCB00E35E1B /* ImagePicker.swift */,
				26A959FC2745363100319126 /* CircularProgressView.swift */,
			);
			path = SubViews;
			sourceTree = "<group>";
		};
		3A6E5E99273BA942006F6AF1 = {
			isa = PBXGroup;
			children = (
				3A6E5EA4273BA943006F6AF1 /* writezi */,
				3A6E5EA3273BA943006F6AF1 /* Products */,
			);
			sourceTree = "<group>";
		};
		3A6E5EA3273BA943006F6AF1 /* Products */ = {
			isa = PBXGroup;
			children = (
				3A6E5EA2273BA943006F6AF1 /* writezi.app */,
			);
			name = Products;
			sourceTree = "<group>";
		};
		3A6E5EA4273BA943006F6AF1 /* writezi */ = {
			isa = PBXGroup;
			children = (
				3A6E5EA5273BA943006F6AF1 /* writeziApp.swift */,
				6A29D5F627477FB800C86D8F /* Data */,
				3AD02DA527467C01001B1458 /* Utilities */,
				3A2CB7E327493AE00074730D /* SubViews */,
				3AD02D9E2745E8DC001B1458 /* Views */,
				3AD02D9F2745E8EC001B1458 /* Structs */,
				3A6E5EA9273BA948006F6AF1 /* Assets.xcassets */,
				3A1E574B2742332E00FC067A /* Colours.xcassets */,
				3A6E5EAB273BA948006F6AF1 /* Preview Content */,
			);
			path = writezi;
			sourceTree = "<group>";
		};
		3A6E5EAB273BA948006F6AF1 /* Preview Content */ = {
			isa = PBXGroup;
			children = (
				3A6E5EAC273BA948006F6AF1 /* Preview Assets.xcassets */,
			);
			path = "Preview Content";
			sourceTree = "<group>";
		};
		3AD02D9E2745E8DC001B1458 /* Views */ = {
			isa = PBXGroup;
			children = (
				3A6E5EA7273BA943006F6AF1 /* ContentView.swift */,
				26A8EB092743D5CE0004FEAE /* AttemptView.swift */,
				263829572744AD2000CDA75B /* SpellingTestView.swift */,
				26A959F8274522D400319126 /* PastSpellingView.swift */,
				26A959F62744E77100319126 /* CheckAnswerView.swift */,
				3ABD7767274735690044E324 /* EditSpellingView.swift */,
				26A8EB0B2743E2920004FEAE /* WordMeaningView.swift */,
				26A8EB0727433EA30004FEAE /* NewSpellingView.swift */,
				26A959FA27452B9700319126 /* ScoreFinalizationView.swift */,
			);
			path = Views;
			sourceTree = "<group>";
		};
		3AD02D9F2745E8EC001B1458 /* Structs */ = {
			isa = PBXGroup;
			children = (
				3AB46A7C273F55E4008AE14E /* Spelling.swift */,
				2624D9102747D15600F958F8 /* EncouragementMessages.swift */,
				3A2CB7E8274941C10074730D /* Graphics.swift */,
			);
			path = Structs;
			sourceTree = "<group>";
		};
		3AD02DA527467C01001B1458 /* Utilities */ = {
			isa = PBXGroup;
			children = (
				3AD02DA12745ED68001B1458 /* DataManager.swift */,
			);
			path = Utilities;
			sourceTree = "<group>";
		};
		6A29D5F627477FB800C86D8F /* Data */ = {
			isa = PBXGroup;
			children = (
				6A29D5F72747800300C86D8F /* parsed-json.json */,
				3A2CB7E4274940030074730D /* graphics.json */,
			);
			path = Data;
			sourceTree = "<group>";
		};
/* End PBXGroup section */

/* Begin PBXNativeTarget section */
		3A6E5EA1273BA943006F6AF1 /* writezi */ = {
			isa = PBXNativeTarget;
			buildConfigurationList = 3A6E5EB0273BA948006F6AF1 /* Build configuration list for PBXNativeTarget "writezi" */;
			buildPhases = (
				3A6E5E9E273BA943006F6AF1 /* Sources */,
				3A6E5E9F273BA943006F6AF1 /* Frameworks */,
				3A6E5EA0273BA943006F6AF1 /* Resources */,
			);
			buildRules = (
			);
			dependencies = (
			);
			name = writezi;
			productName = writezi;
			productReference = 3A6E5EA2273BA943006F6AF1 /* writezi.app */;
			productType = "com.apple.product-type.application";
		};
/* End PBXNativeTarget section */

/* Begin PBXProject section */
		3A6E5E9A273BA942006F6AF1 /* Project object */ = {
			isa = PBXProject;
			attributes = {
				BuildIndependentTargetsInParallel = 1;
				LastSwiftUpdateCheck = 1310;
				LastUpgradeCheck = 1310;
				TargetAttributes = {
					3A6E5EA1273BA943006F6AF1 = {
						CreatedOnToolsVersion = 13.1;
					};
				};
			};
			buildConfigurationList = 3A6E5E9D273BA943006F6AF1 /* Build configuration list for PBXProject "writezi" */;
			compatibilityVersion = "Xcode 13.0";
			developmentRegion = en;
			hasScannedForEncodings = 0;
			knownRegions = (
				en,
				Base,
			);
			mainGroup = 3A6E5E99273BA942006F6AF1;
			productRefGroup = 3A6E5EA3273BA943006F6AF1 /* Products */;
			projectDirPath = "";
			projectRoot = "";
			targets = (
				3A6E5EA1273BA943006F6AF1 /* writezi */,
			);
		};
/* End PBXProject section */

/* Begin PBXResourcesBuildPhase section */
		3A6E5EA0273BA943006F6AF1 /* Resources */ = {
			isa = PBXResourcesBuildPhase;
			buildActionMask = 2147483647;
			files = (
				3A2CB7E5274940030074730D /* graphics.json in Resources */,
				3A6E5EAD273BA948006F6AF1 /* Preview Assets.xcassets in Resources */,
				3A1E574C2742332E00FC067A /* Colours.xcassets in Resources */,
				6A29D5F82747800300C86D8F /* parsed-json.json in Resources */,
				3A6E5EAA273BA948006F6AF1 /* Assets.xcassets in Resources */,
			);
			runOnlyForDeploymentPostprocessing = 0;
		};
/* End PBXResourcesBuildPhase section */

/* Begin PBXSourcesBuildPhase section */
		3A6E5E9E273BA943006F6AF1 /* Sources */ = {
			isa = PBXSourcesBuildPhase;
			buildActionMask = 2147483647;
			files = (
				3A6E5EA8273BA943006F6AF1 /* ContentView.swift in Sources */,
				3AD02DA22745ED68001B1458 /* DataManager.swift in Sources */,
				26A959FB27452B9700319126 /* ScoreFinalizationView.swift in Sources */,
				26B7158427476FCB00E35E1B /* ImagePicker.swift in Sources */,
				26A959F9274522D400319126 /* PastSpellingView.swift in Sources */,
				2624D9152748E25100F958F8 /* LoadingView.swift in Sources */,
				3A2CB7E9274941C10074730D /* Graphics.swift in Sources */,
				26A959F72744E77100319126 /* CheckAnswerView.swift in Sources */,
				2624D9112747D15600F958F8 /* EncouragementMessages.swift in Sources */,
				3AB46A7D273F55E4008AE14E /* Spelling.swift in Sources */,
				3A6E5EA6273BA943006F6AF1 /* writeziApp.swift in Sources */,
				26A8EB0A2743D5CF0004FEAE /* AttemptView.swift in Sources */,
				26A8EB0C2743E2920004FEAE /* WordMeaningView.swift in Sources */,
				3ABD77682747356A0044E324 /* EditSpellingView.swift in Sources */,
				263829582744AD2000CDA75B /* SpellingTestView.swift in Sources */,
				26A8EB0827433EA30004FEAE /* NewSpellingView.swift in Sources */,
				26A959FD2745363100319126 /* CircularProgressView.swift in Sources */,
			);
			runOnlyForDeploymentPostprocessing = 0;
		};
/* End PBXSourcesBuildPhase section */

/* Begin XCBuildConfiguration section */
		3A6E5EAE273BA948006F6AF1 /* Debug */ = {
			isa = XCBuildConfiguration;
			buildSettings = {
				ALWAYS_SEARCH_USER_PATHS = NO;
				CLANG_ANALYZER_NONNULL = YES;
				CLANG_ANALYZER_NUMBER_OBJECT_CONVERSION = YES_AGGRESSIVE;
				CLANG_CXX_LANGUAGE_STANDARD = "gnu++17";
				CLANG_CXX_LIBRARY = "libc++";
				CLANG_ENABLE_MODULES = YES;
				CLANG_ENABLE_OBJC_ARC = YES;
				CLANG_ENABLE_OBJC_WEAK = YES;
				CLANG_WARN_BLOCK_CAPTURE_AUTORELEASING = YES;
				CLANG_WARN_BOOL_CONVERSION = YES;
				CLANG_WARN_COMMA = YES;
				CLANG_WARN_CONSTANT_CONVERSION = YES;
				CLANG_WARN_DEPRECATED_OBJC_IMPLEMENTATIONS = YES;
				CLANG_WARN_DIRECT_OBJC_ISA_USAGE = YES_ERROR;
				CLANG_WARN_DOCUMENTATION_COMMENTS = YES;
				CLANG_WARN_EMPTY_BODY = YES;
				CLANG_WARN_ENUM_CONVERSION = YES;
				CLANG_WARN_INFINITE_RECURSION = YES;
				CLANG_WARN_INT_CONVERSION = YES;
				CLANG_WARN_NON_LITERAL_NULL_CONVERSION = YES;
				CLANG_WARN_OBJC_IMPLICIT_RETAIN_SELF = YES;
				CLANG_WARN_OBJC_LITERAL_CONVERSION = YES;
				CLANG_WARN_OBJC_ROOT_CLASS = YES_ERROR;
				CLANG_WARN_QUOTED_INCLUDE_IN_FRAMEWORK_HEADER = YES;
				CLANG_WARN_RANGE_LOOP_ANALYSIS = YES;
				CLANG_WARN_STRICT_PROTOTYPES = YES;
				CLANG_WARN_SUSPICIOUS_MOVE = YES;
				CLANG_WARN_UNGUARDED_AVAILABILITY = YES_AGGRESSIVE;
				CLANG_WARN_UNREACHABLE_CODE = YES;
				CLANG_WARN__DUPLICATE_METHOD_MATCH = YES;
				COPY_PHASE_STRIP = NO;
				DEBUG_INFORMATION_FORMAT = dwarf;
				ENABLE_STRICT_OBJC_MSGSEND = YES;
				ENABLE_TESTABILITY = YES;
				GCC_C_LANGUAGE_STANDARD = gnu11;
				GCC_DYNAMIC_NO_PIC = NO;
				GCC_NO_COMMON_BLOCKS = YES;
				GCC_OPTIMIZATION_LEVEL = 0;
				GCC_PREPROCESSOR_DEFINITIONS = (
					"DEBUG=1",
					"$(inherited)",
				);
				GCC_WARN_64_TO_32_BIT_CONVERSION = YES;
				GCC_WARN_ABOUT_RETURN_TYPE = YES_ERROR;
				GCC_WARN_UNDECLARED_SELECTOR = YES;
				GCC_WARN_UNINITIALIZED_AUTOS = YES_AGGRESSIVE;
				GCC_WARN_UNUSED_FUNCTION = YES;
				GCC_WARN_UNUSED_VARIABLE = YES;
				IPHONEOS_DEPLOYMENT_TARGET = 15.0;
				MTL_ENABLE_DEBUG_INFO = INCLUDE_SOURCE;
				MTL_FAST_MATH = YES;
				ONLY_ACTIVE_ARCH = YES;
				SDKROOT = iphoneos;
				SWIFT_ACTIVE_COMPILATION_CONDITIONS = DEBUG;
				SWIFT_OPTIMIZATION_LEVEL = "-Onone";
			};
			name = Debug;
		};
		3A6E5EAF273BA948006F6AF1 /* Release */ = {
			isa = XCBuildConfiguration;
			buildSettings = {
				ALWAYS_SEARCH_USER_PATHS = NO;
				CLANG_ANALYZER_NONNULL = YES;
				CLANG_ANALYZER_NUMBER_OBJECT_CONVERSION = YES_AGGRESSIVE;
				CLANG_CXX_LANGUAGE_STANDARD = "gnu++17";
				CLANG_CXX_LIBRARY = "libc++";
				CLANG_ENABLE_MODULES = YES;
				CLANG_ENABLE_OBJC_ARC = YES;
				CLANG_ENABLE_OBJC_WEAK = YES;
				CLANG_WARN_BLOCK_CAPTURE_AUTORELEASING = YES;
				CLANG_WARN_BOOL_CONVERSION = YES;
				CLANG_WARN_COMMA = YES;
				CLANG_WARN_CONSTANT_CONVERSION = YES;
				CLANG_WARN_DEPRECATED_OBJC_IMPLEMENTATIONS = YES;
				CLANG_WARN_DIRECT_OBJC_ISA_USAGE = YES_ERROR;
				CLANG_WARN_DOCUMENTATION_COMMENTS = YES;
				CLANG_WARN_EMPTY_BODY = YES;
				CLANG_WARN_ENUM_CONVERSION = YES;
				CLANG_WARN_INFINITE_RECURSION = YES;
				CLANG_WARN_INT_CONVERSION = YES;
				CLANG_WARN_NON_LITERAL_NULL_CONVERSION = YES;
				CLANG_WARN_OBJC_IMPLICIT_RETAIN_SELF = YES;
				CLANG_WARN_OBJC_LITERAL_CONVERSION = YES;
				CLANG_WARN_OBJC_ROOT_CLASS = YES_ERROR;
				CLANG_WARN_QUOTED_INCLUDE_IN_FRAMEWORK_HEADER = YES;
				CLANG_WARN_RANGE_LOOP_ANALYSIS = YES;
				CLANG_WARN_STRICT_PROTOTYPES = YES;
				CLANG_WARN_SUSPICIOUS_MOVE = YES;
				CLANG_WARN_UNGUARDED_AVAILABILITY = YES_AGGRESSIVE;
				CLANG_WARN_UNREACHABLE_CODE = YES;
				CLANG_WARN__DUPLICATE_METHOD_MATCH = YES;
				COPY_PHASE_STRIP = NO;
				DEBUG_INFORMATION_FORMAT = "dwarf-with-dsym";
				ENABLE_NS_ASSERTIONS = NO;
				ENABLE_STRICT_OBJC_MSGSEND = YES;
				GCC_C_LANGUAGE_STANDARD = gnu11;
				GCC_NO_COMMON_BLOCKS = YES;
				GCC_WARN_64_TO_32_BIT_CONVERSION = YES;
				GCC_WARN_ABOUT_RETURN_TYPE = YES_ERROR;
				GCC_WARN_UNDECLARED_SELECTOR = YES;
				GCC_WARN_UNINITIALIZED_AUTOS = YES_AGGRESSIVE;
				GCC_WARN_UNUSED_FUNCTION = YES;
				GCC_WARN_UNUSED_VARIABLE = YES;
				IPHONEOS_DEPLOYMENT_TARGET = 15.0;
				MTL_ENABLE_DEBUG_INFO = NO;
				MTL_FAST_MATH = YES;
				SDKROOT = iphoneos;
				SWIFT_COMPILATION_MODE = wholemodule;
				SWIFT_OPTIMIZATION_LEVEL = "-O";
				VALIDATE_PRODUCT = YES;
			};
			name = Release;
		};
		3A6E5EB1273BA948006F6AF1 /* Debug */ = {
			isa = XCBuildConfiguration;
			buildSettings = {
				ASSETCATALOG_COMPILER_APPICON_NAME = AppIcon;
				ASSETCATALOG_COMPILER_GLOBAL_ACCENT_COLOR_NAME = AccentColor;
				CODE_SIGN_STYLE = Automatic;
				CURRENT_PROJECT_VERSION = 1;
				DEVELOPMENT_ASSET_PATHS = "\"writezi/Preview Content\"";
				ENABLE_PREVIEWS = YES;
				GENERATE_INFOPLIST_FILE = YES;
				INFOPLIST_KEY_UIApplicationSceneManifest_Generation = YES;
				INFOPLIST_KEY_UIApplicationSupportsIndirectInputEvents = YES;
				INFOPLIST_KEY_UILaunchScreen_Generation = YES;
				INFOPLIST_KEY_UISupportedInterfaceOrientations_iPad = "UIInterfaceOrientationPortrait UIInterfaceOrientationPortraitUpsideDown UIInterfaceOrientationLandscapeLeft UIInterfaceOrientationLandscapeRight";
				INFOPLIST_KEY_UISupportedInterfaceOrientations_iPhone = "UIInterfaceOrientationPortrait UIInterfaceOrientationLandscapeLeft UIInterfaceOrientationLandscapeRight";
				LD_RUNPATH_SEARCH_PATHS = (
					"$(inherited)",
					"@executable_path/Frameworks",
				);
				MARKETING_VERSION = 1.0;
				PRODUCT_BUNDLE_IDENTIFIER = sg.tk.writezi;
				PRODUCT_NAME = "$(TARGET_NAME)";
				SWIFT_EMIT_LOC_STRINGS = YES;
				SWIFT_VERSION = 5.0;
				TARGETED_DEVICE_FAMILY = "1,2";
			};
			name = Debug;
		};
		3A6E5EB2273BA948006F6AF1 /* Release */ = {
			isa = XCBuildConfiguration;
			buildSettings = {
				ASSETCATALOG_COMPILER_APPICON_NAME = AppIcon;
				ASSETCATALOG_COMPILER_GLOBAL_ACCENT_COLOR_NAME = AccentColor;
				CODE_SIGN_STYLE = Automatic;
				CURRENT_PROJECT_VERSION = 1;
				DEVELOPMENT_ASSET_PATHS = "\"writezi/Preview Content\"";
				ENABLE_PREVIEWS = YES;
				GENERATE_INFOPLIST_FILE = YES;
				INFOPLIST_KEY_UIApplicationSceneManifest_Generation = YES;
				INFOPLIST_KEY_UIApplicationSupportsIndirectInputEvents = YES;
				INFOPLIST_KEY_UILaunchScreen_Generation = YES;
				INFOPLIST_KEY_UISupportedInterfaceOrientations_iPad = "UIInterfaceOrientationPortrait UIInterfaceOrientationPortraitUpsideDown UIInterfaceOrientationLandscapeLeft UIInterfaceOrientationLandscapeRight";
				INFOPLIST_KEY_UISupportedInterfaceOrientations_iPhone = "UIInterfaceOrientationPortrait UIInterfaceOrientationLandscapeLeft UIInterfaceOrientationLandscapeRight";
				LD_RUNPATH_SEARCH_PATHS = (
					"$(inherited)",
					"@executable_path/Frameworks",
				);
				MARKETING_VERSION = 1.0;
				PRODUCT_BUNDLE_IDENTIFIER = sg.tk.writezi;
				PRODUCT_NAME = "$(TARGET_NAME)";
				SWIFT_EMIT_LOC_STRINGS = YES;
				SWIFT_VERSION = 5.0;
				TARGETED_DEVICE_FAMILY = "1,2";
			};
			name = Release;
		};
/* End XCBuildConfiguration section */

/* Begin XCConfigurationList section */
		3A6E5E9D273BA943006F6AF1 /* Build configuration list for PBXProject "writezi" */ = {
			isa = XCConfigurationList;
			buildConfigurations = (
				3A6E5EAE273BA948006F6AF1 /* Debug */,
				3A6E5EAF273BA948006F6AF1 /* Release */,
			);
			defaultConfigurationIsVisible = 0;
			defaultConfigurationName = Release;
		};
		3A6E5EB0273BA948006F6AF1 /* Build configuration list for PBXNativeTarget "writezi" */ = {
			isa = XCConfigurationList;
			buildConfigurations = (
				3A6E5EB1273BA948006F6AF1 /* Debug */,
				3A6E5EB2273BA948006F6AF1 /* Release */,
			);
			defaultConfigurationIsVisible = 0;
			defaultConfigurationName = Release;
		};
/* End XCConfigurationList section */
	};
	rootObject = 3A6E5E9A273BA942006F6AF1 /* Project object */;
}
