// !$*UTF8*$!
{
	archiveVersion = 1;
	classes = {
	};
	objectVersion = 55;
	objects = {

/* Begin PBXBuildFile section */
		25207589274A7117002A77D5 /* HanZiUtils.swift in Sources */ = {isa = PBXBuildFile; fileRef = 25207588274A7117002A77D5 /* HanZiUtils.swift */; };
		2520758D274A854E002A77D5 /* HanZiDictionaryEntry.swift in Sources */ = {isa = PBXBuildFile; fileRef = 2520758C274A854E002A77D5 /* HanZiDictionaryEntry.swift */; };
		2520758F274A87F9002A77D5 /* dictionary.jsonl in Resources */ = {isa = PBXBuildFile; fileRef = 2520758E274A87F9002A77D5 /* dictionary.jsonl */; };
		25207595274AB8CB002A77D5 /* .gitignore in Resources */ = {isa = PBXBuildFile; fileRef = 25207594274AB8CB002A77D5 /* .gitignore */; };
		25207597274AC5D2002A77D5 /* .swiftlint.yml in Resources */ = {isa = PBXBuildFile; fileRef = 25207596274AC5D2002A77D5 /* .swiftlint.yml */; };
		25707B74274BBB9B00DAC85B /* TestSpellingView.swift in Sources */ = {isa = PBXBuildFile; fileRef = 25707B73274BBB9B00DAC85B /* TestSpellingView.swift */; };
		25A2D2CB274C337900332160 /* FinalScoreView.swift in Sources */ = {isa = PBXBuildFile; fileRef = 25A2D2CA274C337900332160 /* FinalScoreView.swift */; };
		25A2D2CD274C724D00332160 /* OldFinalScoreView.swift in Sources */ = {isa = PBXBuildFile; fileRef = 25A2D2CC274C724D00332160 /* OldFinalScoreView.swift */; };
		25A9555B27493CC8002CD34A /* HanZiAnimationView.swift in Sources */ = {isa = PBXBuildFile; fileRef = 25A9555A27493CC8002CD34A /* HanZiAnimationView.swift */; };
		25A9555D27493CE3002CD34A /* HanZiGraphic.swift in Sources */ = {isa = PBXBuildFile; fileRef = 25A9555C27493CE3002CD34A /* HanZiGraphic.swift */; };
		25A9555F27493D0A002CD34A /* UIBezierPathExtensions.swift in Sources */ = {isa = PBXBuildFile; fileRef = 25A9555E27493D0A002CD34A /* UIBezierPathExtensions.swift */; };
		25A9556127493DD7002CD34A /* graphics.jsonl in Resources */ = {isa = PBXBuildFile; fileRef = 25A9556027493DD7002CD34A /* graphics.jsonl */; };
		25A9556327494AE8002CD34A /* CharacterMeaningView.swift in Sources */ = {isa = PBXBuildFile; fileRef = 25A9556227494AE8002CD34A /* CharacterMeaningView.swift */; };
		25BCDBDA2749F5FB00518EB3 /* valid-characters.json in Resources */ = {isa = PBXBuildFile; fileRef = 25BCDBD92749F5FB00518EB3 /* valid-characters.json */; };
		25BCDBDD274A141600518EB3 /* StringExtensions.swift in Sources */ = {isa = PBXBuildFile; fileRef = 25BCDBDC274A141600518EB3 /* StringExtensions.swift */; };
		25BCDBDF274A34F800518EB3 /* StreamReader.swift in Sources */ = {isa = PBXBuildFile; fileRef = 25BCDBDE274A34F800518EB3 /* StreamReader.swift */; };
		2606A36E277DCF26008431BC /* HomeView.swift in Sources */ = {isa = PBXBuildFile; fileRef = 2606A36D277DCF26008431BC /* HomeView.swift */; };
		2606A370277DD288008431BC /* SpellingListView.swift in Sources */ = {isa = PBXBuildFile; fileRef = 2606A36F277DD288008431BC /* SpellingListView.swift */; };
		2606A372277DDD62008431BC /* CheckSpellingView.swift in Sources */ = {isa = PBXBuildFile; fileRef = 2606A371277DDD62008431BC /* CheckSpellingView.swift */; };
		2606A374277DE12A008431BC /* SpellingTestView.swift in Sources */ = {isa = PBXBuildFile; fileRef = 2606A373277DE12A008431BC /* SpellingTestView.swift */; };
		2606A376277DE178008431BC /* WordDefinitionView.swift in Sources */ = {isa = PBXBuildFile; fileRef = 2606A375277DE178008431BC /* WordDefinitionView.swift */; };
		2606A378277DE189008431BC /* WordAnimationView.swift in Sources */ = {isa = PBXBuildFile; fileRef = 2606A377277DE189008431BC /* WordAnimationView.swift */; };
		2624D9112747D15600F958F8 /* EncouragementMessages.swift in Sources */ = {isa = PBXBuildFile; fileRef = 2624D9102747D15600F958F8 /* EncouragementMessages.swift */; };
		2624D9152748E25100F958F8 /* LoadingView.swift in Sources */ = {isa = PBXBuildFile; fileRef = 2624D9142748E25100F958F8 /* LoadingView.swift */; };
		2627BBC72775C16B00F37291 /* AppUsage.swift in Sources */ = {isa = PBXBuildFile; fileRef = 2627BBC62775C16B00F37291 /* AppUsage.swift */; };
		263829582744AD2000CDA75B /* TestSpellingWordView.swift in Sources */ = {isa = PBXBuildFile; fileRef = 263829572744AD2000CDA75B /* TestSpellingWordView.swift */; };
		26A8EB0827433EA30004FEAE /* NewSpellingView.swift in Sources */ = {isa = PBXBuildFile; fileRef = 26A8EB0727433EA30004FEAE /* NewSpellingView.swift */; };
		26A8EB0A2743D5CF0004FEAE /* SpellingPreviewView.swift in Sources */ = {isa = PBXBuildFile; fileRef = 26A8EB092743D5CE0004FEAE /* SpellingPreviewView.swift */; };
		26A8EB0C2743E2920004FEAE /* WordMeaningView.swift in Sources */ = {isa = PBXBuildFile; fileRef = 26A8EB0B2743E2920004FEAE /* WordMeaningView.swift */; };
		26A959F72744E77100319126 /* CheckAnswerView.swift in Sources */ = {isa = PBXBuildFile; fileRef = 26A959F62744E77100319126 /* CheckAnswerView.swift */; };
		26A959F9274522D400319126 /* PastSpellingResultView.swift in Sources */ = {isa = PBXBuildFile; fileRef = 26A959F8274522D400319126 /* PastSpellingResultView.swift */; };
		26A959FD2745363100319126 /* CircularProgressView.swift in Sources */ = {isa = PBXBuildFile; fileRef = 26A959FC2745363100319126 /* CircularProgressView.swift */; };
		26B7158427476FCB00E35E1B /* ImagePicker.swift in Sources */ = {isa = PBXBuildFile; fileRef = 26B7158327476FCB00E35E1B /* ImagePicker.swift */; };
		3A1E574C2742332E00FC067A /* Colours.xcassets in Resources */ = {isa = PBXBuildFile; fileRef = 3A1E574B2742332E00FC067A /* Colours.xcassets */; };
		3A6E5EA6273BA943006F6AF1 /* writeziApp.swift in Sources */ = {isa = PBXBuildFile; fileRef = 3A6E5EA5273BA943006F6AF1 /* writeziApp.swift */; };
		3A6E5EA8273BA943006F6AF1 /* ContentView.swift in Sources */ = {isa = PBXBuildFile; fileRef = 3A6E5EA7273BA943006F6AF1 /* ContentView.swift */; };
		3A6E5EAA273BA948006F6AF1 /* Assets.xcassets in Resources */ = {isa = PBXBuildFile; fileRef = 3A6E5EA9273BA948006F6AF1 /* Assets.xcassets */; };
		3A6E5EAD273BA948006F6AF1 /* Preview Assets.xcassets in Resources */ = {isa = PBXBuildFile; fileRef = 3A6E5EAC273BA948006F6AF1 /* Preview Assets.xcassets */; };
		3AB46A7D273F55E4008AE14E /* Spelling.swift in Sources */ = {isa = PBXBuildFile; fileRef = 3AB46A7C273F55E4008AE14E /* Spelling.swift */; };
		3ABD77682747356A0044E324 /* EditSpellingView.swift in Sources */ = {isa = PBXBuildFile; fileRef = 3ABD7767274735690044E324 /* EditSpellingView.swift */; };
		3AD02DA22745ED68001B1458 /* DataManager.swift in Sources */ = {isa = PBXBuildFile; fileRef = 3AD02DA12745ED68001B1458 /* DataManager.swift */; };
		6A29D5F82747800300C86D8F /* parsed-json.json in Resources */ = {isa = PBXBuildFile; fileRef = 6A29D5F72747800300C86D8F /* parsed-json.json */; };
/* End PBXBuildFile section */

/* Begin PBXFileReference section */
		25207588274A7117002A77D5 /* HanZiUtils.swift */ = {isa = PBXFileReference; lastKnownFileType = sourcecode.swift; path = HanZiUtils.swift; sourceTree = "<group>"; };
		2520758C274A854E002A77D5 /* HanZiDictionaryEntry.swift */ = {isa = PBXFileReference; lastKnownFileType = sourcecode.swift; path = HanZiDictionaryEntry.swift; sourceTree = "<group>"; };
		2520758E274A87F9002A77D5 /* dictionary.jsonl */ = {isa = PBXFileReference; lastKnownFileType = text; path = dictionary.jsonl; sourceTree = "<group>"; };
		25207594274AB8CB002A77D5 /* .gitignore */ = {isa = PBXFileReference; lastKnownFileType = text; path = .gitignore; sourceTree = "<group>"; };
		25207596274AC5D2002A77D5 /* .swiftlint.yml */ = {isa = PBXFileReference; lastKnownFileType = text.yaml; path = .swiftlint.yml; sourceTree = "<group>"; };
		25707B73274BBB9B00DAC85B /* TestSpellingView.swift */ = {isa = PBXFileReference; lastKnownFileType = sourcecode.swift; path = TestSpellingView.swift; sourceTree = "<group>"; };
		25A2D2CA274C337900332160 /* FinalScoreView.swift */ = {isa = PBXFileReference; lastKnownFileType = sourcecode.swift; path = FinalScoreView.swift; sourceTree = "<group>"; };
		25A2D2CC274C724D00332160 /* OldFinalScoreView.swift */ = {isa = PBXFileReference; lastKnownFileType = sourcecode.swift; path = OldFinalScoreView.swift; sourceTree = "<group>"; };
		25A9555A27493CC8002CD34A /* HanZiAnimationView.swift */ = {isa = PBXFileReference; lastKnownFileType = sourcecode.swift; path = HanZiAnimationView.swift; sourceTree = "<group>"; };
		25A9555C27493CE3002CD34A /* HanZiGraphic.swift */ = {isa = PBXFileReference; lastKnownFileType = sourcecode.swift; path = HanZiGraphic.swift; sourceTree = "<group>"; };
		25A9555E27493D0A002CD34A /* UIBezierPathExtensions.swift */ = {isa = PBXFileReference; lastKnownFileType = sourcecode.swift; path = UIBezierPathExtensions.swift; sourceTree = "<group>"; };
		25A9556027493DD7002CD34A /* graphics.jsonl */ = {isa = PBXFileReference; fileEncoding = 4; lastKnownFileType = text; path = graphics.jsonl; sourceTree = "<group>"; };
		25A9556227494AE8002CD34A /* CharacterMeaningView.swift */ = {isa = PBXFileReference; lastKnownFileType = sourcecode.swift; path = CharacterMeaningView.swift; sourceTree = "<group>"; };
		25BCDBD92749F5FB00518EB3 /* valid-characters.json */ = {isa = PBXFileReference; fileEncoding = 4; lastKnownFileType = text.json; path = "valid-characters.json"; sourceTree = "<group>"; };
		25BCDBDC274A141600518EB3 /* StringExtensions.swift */ = {isa = PBXFileReference; lastKnownFileType = sourcecode.swift; path = StringExtensions.swift; sourceTree = "<group>"; };
		25BCDBDE274A34F800518EB3 /* StreamReader.swift */ = {isa = PBXFileReference; lastKnownFileType = sourcecode.swift; path = StreamReader.swift; sourceTree = "<group>"; };
		2606A36D277DCF26008431BC /* HomeView.swift */ = {isa = PBXFileReference; lastKnownFileType = sourcecode.swift; path = HomeView.swift; sourceTree = "<group>"; };
		2606A36F277DD288008431BC /* SpellingListView.swift */ = {isa = PBXFileReference; lastKnownFileType = sourcecode.swift; path = SpellingListView.swift; sourceTree = "<group>"; };
		2606A371277DDD62008431BC /* CheckSpellingView.swift */ = {isa = PBXFileReference; lastKnownFileType = sourcecode.swift; path = CheckSpellingView.swift; sourceTree = "<group>"; };
		2606A373277DE12A008431BC /* SpellingTestView.swift */ = {isa = PBXFileReference; lastKnownFileType = sourcecode.swift; path = SpellingTestView.swift; sourceTree = "<group>"; };
		2606A375277DE178008431BC /* WordDefinitionView.swift */ = {isa = PBXFileReference; lastKnownFileType = sourcecode.swift; path = WordDefinitionView.swift; sourceTree = "<group>"; };
		2606A377277DE189008431BC /* WordAnimationView.swift */ = {isa = PBXFileReference; lastKnownFileType = sourcecode.swift; path = WordAnimationView.swift; sourceTree = "<group>"; };
		2624D9102747D15600F958F8 /* EncouragementMessages.swift */ = {isa = PBXFileReference; lastKnownFileType = sourcecode.swift; path = EncouragementMessages.swift; sourceTree = "<group>"; };
		2624D9142748E25100F958F8 /* LoadingView.swift */ = {isa = PBXFileReference; lastKnownFileType = sourcecode.swift; path = LoadingView.swift; sourceTree = "<group>"; };
		2627BBC62775C16B00F37291 /* AppUsage.swift */ = {isa = PBXFileReference; lastKnownFileType = sourcecode.swift; path = AppUsage.swift; sourceTree = "<group>"; };
		263829572744AD2000CDA75B /* TestSpellingWordView.swift */ = {isa = PBXFileReference; lastKnownFileType = sourcecode.swift; path = TestSpellingWordView.swift; sourceTree = "<group>"; };
		26A8EB0727433EA30004FEAE /* NewSpellingView.swift */ = {isa = PBXFileReference; lastKnownFileType = sourcecode.swift; path = NewSpellingView.swift; sourceTree = "<group>"; };
		26A8EB092743D5CE0004FEAE /* SpellingPreviewView.swift */ = {isa = PBXFileReference; lastKnownFileType = sourcecode.swift; path = SpellingPreviewView.swift; sourceTree = "<group>"; };
		26A8EB0B2743E2920004FEAE /* WordMeaningView.swift */ = {isa = PBXFileReference; lastKnownFileType = sourcecode.swift; path = WordMeaningView.swift; sourceTree = "<group>"; };
		26A959F62744E77100319126 /* CheckAnswerView.swift */ = {isa = PBXFileReference; lastKnownFileType = sourcecode.swift; path = CheckAnswerView.swift; sourceTree = "<group>"; };
		26A959F8274522D400319126 /* PastSpellingResultView.swift */ = {isa = PBXFileReference; lastKnownFileType = sourcecode.swift; path = PastSpellingResultView.swift; sourceTree = "<group>"; };
		26A959FC2745363100319126 /* CircularProgressView.swift */ = {isa = PBXFileReference; lastKnownFileType = sourcecode.swift; path = CircularProgressView.swift; sourceTree = "<group>"; };
		26B7158327476FCB00E35E1B /* ImagePicker.swift */ = {isa = PBXFileReference; lastKnownFileType = sourcecode.swift; path = ImagePicker.swift; sourceTree = "<group>"; };
		3A1E574B2742332E00FC067A /* Colours.xcassets */ = {isa = PBXFileReference; lastKnownFileType = folder.assetcatalog; path = Colours.xcassets; sourceTree = "<group>"; };
		3A6E5EA2273BA943006F6AF1 /* writezi.app */ = {isa = PBXFileReference; explicitFileType = wrapper.application; includeInIndex = 0; path = writezi.app; sourceTree = BUILT_PRODUCTS_DIR; };
		3A6E5EA5273BA943006F6AF1 /* writeziApp.swift */ = {isa = PBXFileReference; lastKnownFileType = sourcecode.swift; path = writeziApp.swift; sourceTree = "<group>"; };
		3A6E5EA7273BA943006F6AF1 /* ContentView.swift */ = {isa = PBXFileReference; lastKnownFileType = sourcecode.swift; path = ContentView.swift; sourceTree = "<group>"; };
		3A6E5EA9273BA948006F6AF1 /* Assets.xcassets */ = {isa = PBXFileReference; lastKnownFileType = folder.assetcatalog; path = Assets.xcassets; sourceTree = "<group>"; };
		3A6E5EAC273BA948006F6AF1 /* Preview Assets.xcassets */ = {isa = PBXFileReference; lastKnownFileType = folder.assetcatalog; path = "Preview Assets.xcassets"; sourceTree = "<group>"; };
		3AB46A7C273F55E4008AE14E /* Spelling.swift */ = {isa = PBXFileReference; lastKnownFileType = sourcecode.swift; path = Spelling.swift; sourceTree = "<group>"; };
		3ABD7767274735690044E324 /* EditSpellingView.swift */ = {isa = PBXFileReference; lastKnownFileType = sourcecode.swift; path = EditSpellingView.swift; sourceTree = "<group>"; };
		3AD02DA12745ED68001B1458 /* DataManager.swift */ = {isa = PBXFileReference; lastKnownFileType = sourcecode.swift; path = DataManager.swift; sourceTree = "<group>"; };
		6A29D5F72747800300C86D8F /* parsed-json.json */ = {isa = PBXFileReference; fileEncoding = 4; lastKnownFileType = text.json; path = "parsed-json.json"; sourceTree = "<group>"; };
/* End PBXFileReference section */

/* Begin PBXFrameworksBuildPhase section */
		3A6E5E9F273BA943006F6AF1 /* Frameworks */ = {
			isa = PBXFrameworksBuildPhase;
			buildActionMask = 2147483647;
			files = (
			);
			runOnlyForDeploymentPostprocessing = 0;
		};
/* End PBXFrameworksBuildPhase section */

/* Begin PBXGroup section */
		25207590274A8E7D002A77D5 /* SpellingMutationViews */ = {
			isa = PBXGroup;
			children = (
				26A8EB0727433EA30004FEAE /* NewSpellingView.swift */,
				3ABD7767274735690044E324 /* EditSpellingView.swift */,
			);
			path = SpellingMutationViews;
			sourceTree = "<group>";
		};
		25207591274A8E95002A77D5 /* TestViews */ = {
			isa = PBXGroup;
			children = (
				25707B73274BBB9B00DAC85B /* TestSpellingView.swift */,
				263829572744AD2000CDA75B /* TestSpellingWordView.swift */,
				26A959F62744E77100319126 /* CheckAnswerView.swift */,
				25A2D2CA274C337900332160 /* FinalScoreView.swift */,
				25A2D2CC274C724D00332160 /* OldFinalScoreView.swift */,
			);
			path = TestViews;
			sourceTree = "<group>";
		};
		25207592274A8EA4002A77D5 /* MeaningViews */ = {
			isa = PBXGroup;
			children = (
				26A8EB0B2743E2920004FEAE /* WordMeaningView.swift */,
				25A9556227494AE8002CD34A /* CharacterMeaningView.swift */,
			);
			path = MeaningViews;
			sourceTree = "<group>";
		};
		25207593274A8ED7002A77D5 /* InfomationViews */ = {
			isa = PBXGroup;
			children = (
				26A8EB092743D5CE0004FEAE /* SpellingPreviewView.swift */,
				26A959F8274522D400319126 /* PastSpellingResultView.swift */,
			);
			path = InfomationViews;
			sourceTree = "<group>";
		};
		25A9555927493CA5002CD34A /* HanZiAnimation */ = {
			isa = PBXGroup;
			children = (
				25A9555A27493CC8002CD34A /* HanZiAnimationView.swift */,
				25A9555C27493CE3002CD34A /* HanZiGraphic.swift */,
			);
			path = HanZiAnimation;
			sourceTree = "<group>";
		};
		25BCDBDB274A12B700518EB3 /* Utils */ = {
			isa = PBXGroup;
			children = (
				25207588274A7117002A77D5 /* HanZiUtils.swift */,
				25BCDBDC274A141600518EB3 /* StringExtensions.swift */,
				25BCDBDE274A34F800518EB3 /* StreamReader.swift */,
				25A9555E27493D0A002CD34A /* UIBezierPathExtensions.swift */,
			);
			path = Utils;
			sourceTree = "<group>";
		};
		2606A36C277DCEFF008431BC /* AppUsage */ = {
			isa = PBXGroup;
			children = (
				2627BBC62775C16B00F37291 /* AppUsage.swift */,
				2606A36D277DCF26008431BC /* HomeView.swift */,
				2606A36F277DD288008431BC /* SpellingListView.swift */,
				2606A373277DE12A008431BC /* SpellingTestView.swift */,
				2606A375277DE178008431BC /* WordDefinitionView.swift */,
				2606A377277DE189008431BC /* WordAnimationView.swift */,
				2606A371277DDD62008431BC /* CheckSpellingView.swift */,
			);
			path = AppUsage;
			sourceTree = "<group>";
		};
		3A2CB7E327493AE00074730D /* Components */ = {
			isa = PBXGroup;
			children = (
				25A9555927493CA5002CD34A /* HanZiAnimation */,
				2624D9142748E25100F958F8 /* LoadingView.swift */,
				26B7158327476FCB00E35E1B /* ImagePicker.swift */,
				26A959FC2745363100319126 /* CircularProgressView.swift */,
			);
			path = Components;
			sourceTree = "<group>";
		};
		3A6E5E99273BA942006F6AF1 = {
			isa = PBXGroup;
			children = (
				25207596274AC5D2002A77D5 /* .swiftlint.yml */,
				25207594274AB8CB002A77D5 /* .gitignore */,
				3A6E5EA4273BA943006F6AF1 /* writezi */,
				3A6E5EA3273BA943006F6AF1 /* Products */,
			);
			sourceTree = "<group>";
		};
		3A6E5EA3273BA943006F6AF1 /* Products */ = {
			isa = PBXGroup;
			children = (
				3A6E5EA2273BA943006F6AF1 /* writezi.app */,
			);
			name = Products;
			sourceTree = "<group>";
		};
		3A6E5EA4273BA943006F6AF1 /* writezi */ = {
			isa = PBXGroup;
			children = (
				3A6E5EA5273BA943006F6AF1 /* writeziApp.swift */,
				3AD02DA527467C01001B1458 /* Managers */,
				3AD02D9E2745E8DC001B1458 /* Views */,
				3A2CB7E327493AE00074730D /* Components */,
				25BCDBDB274A12B700518EB3 /* Utils */,
				3AD02D9F2745E8EC001B1458 /* Structs */,
				6A29D5F627477FB800C86D8F /* Data */,
				3A6E5EA9273BA948006F6AF1 /* Assets.xcassets */,
				3A1E574B2742332E00FC067A /* Colours.xcassets */,
				3A6E5EAB273BA948006F6AF1 /* Preview Content */,
			);
			path = writezi;
			sourceTree = "<group>";
		};
		3A6E5EAB273BA948006F6AF1 /* Preview Content */ = {
			isa = PBXGroup;
			children = (
				3A6E5EAC273BA948006F6AF1 /* Preview Assets.xcassets */,
			);
			path = "Preview Content";
			sourceTree = "<group>";
		};
		3AD02D9E2745E8DC001B1458 /* Views */ = {
			isa = PBXGroup;
			children = (
				3A6E5EA7273BA943006F6AF1 /* ContentView.swift */,
				2606A36C277DCEFF008431BC /* AppUsage */,
				25207590274A8E7D002A77D5 /* SpellingMutationViews */,
				25207593274A8ED7002A77D5 /* InfomationViews */,
				25207591274A8E95002A77D5 /* TestViews */,
				25207592274A8EA4002A77D5 /* MeaningViews */,
			);
			path = Views;
			sourceTree = "<group>";
		};
		3AD02D9F2745E8EC001B1458 /* Structs */ = {
			isa = PBXGroup;
			children = (
				3AB46A7C273F55E4008AE14E /* Spelling.swift */,
				2520758C274A854E002A77D5 /* HanZiDictionaryEntry.swift */,
				2624D9102747D15600F958F8 /* EncouragementMessages.swift */,
			);
			path = Structs;
			sourceTree = "<group>";
		};
		3AD02DA527467C01001B1458 /* Managers */ = {
			isa = PBXGroup;
			children = (
				3AD02DA12745ED68001B1458 /* DataManager.swift */,
			);
			path = Managers;
			sourceTree = "<group>";
		};
		6A29D5F627477FB800C86D8F /* Data */ = {
			isa = PBXGroup;
			children = (
				25A9556027493DD7002CD34A /* graphics.jsonl */,
				2520758E274A87F9002A77D5 /* dictionary.jsonl */,
				6A29D5F72747800300C86D8F /* parsed-json.json */,
				25BCDBD92749F5FB00518EB3 /* valid-characters.json */,
			);
			path = Data;
			sourceTree = "<group>";
		};
/* End PBXGroup section */

/* Begin PBXNativeTarget section */
		3A6E5EA1273BA943006F6AF1 /* writezi */ = {
			isa = PBXNativeTarget;
			buildConfigurationList = 3A6E5EB0273BA948006F6AF1 /* Build configuration list for PBXNativeTarget "writezi" */;
			buildPhases = (
				3A6E5E9E273BA943006F6AF1 /* Sources */,
				3A6E5E9F273BA943006F6AF1 /* Frameworks */,
				3A6E5EA0273BA943006F6AF1 /* Resources */,
				25207599274AC6E3002A77D5 /* swiftlint */,
			);
			buildRules = (
			);
			dependencies = (
			);
			name = writezi;
			productName = writezi;
			productReference = 3A6E5EA2273BA943006F6AF1 /* writezi.app */;
			productType = "com.apple.product-type.application";
		};
/* End PBXNativeTarget section */

/* Begin PBXProject section */
		3A6E5E9A273BA942006F6AF1 /* Project object */ = {
			isa = PBXProject;
			attributes = {
				BuildIndependentTargetsInParallel = 1;
				LastSwiftUpdateCheck = 1310;
				LastUpgradeCheck = 1310;
				TargetAttributes = {
					3A6E5EA1273BA943006F6AF1 = {
						CreatedOnToolsVersion = 13.1;
					};
				};
			};
			buildConfigurationList = 3A6E5E9D273BA943006F6AF1 /* Build configuration list for PBXProject "writezi" */;
			compatibilityVersion = "Xcode 13.0";
			developmentRegion = en;
			hasScannedForEncodings = 0;
			knownRegions = (
				en,
				Base,
			);
			mainGroup = 3A6E5E99273BA942006F6AF1;
			productRefGroup = 3A6E5EA3273BA943006F6AF1 /* Products */;
			projectDirPath = "";
			projectRoot = "";
			targets = (
				3A6E5EA1273BA943006F6AF1 /* writezi */,
			);
		};
/* End PBXProject section */

/* Begin PBXResourcesBuildPhase section */
		3A6E5EA0273BA943006F6AF1 /* Resources */ = {
			isa = PBXResourcesBuildPhase;
			buildActionMask = 2147483647;
			files = (
				25207597274AC5D2002A77D5 /* .swiftlint.yml in Resources */,
				25207595274AB8CB002A77D5 /* .gitignore in Resources */,
				25BCDBDA2749F5FB00518EB3 /* valid-characters.json in Resources */,
				3A6E5EAD273BA948006F6AF1 /* Preview Assets.xcassets in Resources */,
				25A9556127493DD7002CD34A /* graphics.jsonl in Resources */,
				3A1E574C2742332E00FC067A /* Colours.xcassets in Resources */,
				2520758F274A87F9002A77D5 /* dictionary.jsonl in Resources */,
				6A29D5F82747800300C86D8F /* parsed-json.json in Resources */,
				3A6E5EAA273BA948006F6AF1 /* Assets.xcassets in Resources */,
			);
			runOnlyForDeploymentPostprocessing = 0;
		};
/* End PBXResourcesBuildPhase section */

/* Begin PBXShellScriptBuildPhase section */
		25207599274AC6E3002A77D5 /* swiftlint */ = {
			isa = PBXShellScriptBuildPhase;
			buildActionMask = 12;
			files = (
			);
			inputFileListPaths = (
			);
			inputPaths = (
			);
			name = swiftlint;
			outputFileListPaths = (
			);
			outputPaths = (
			);
			runOnlyForDeploymentPostprocessing = 0;
			shellPath = /bin/sh;
			shellScript = "#if which swiftlint >/dev/null; then\n#  swiftlint\n#else\n#  echo \"warning: SwiftLint not installed, download from https://github.com/realm/SwiftLint\"\n#fi\n";
		};
/* End PBXShellScriptBuildPhase section */

/* Begin PBXSourcesBuildPhase section */
		3A6E5E9E273BA943006F6AF1 /* Sources */ = {
			isa = PBXSourcesBuildPhase;
			buildActionMask = 2147483647;
			files = (
				3A6E5EA8273BA943006F6AF1 /* ContentView.swift in Sources */,
				2606A36E277DCF26008431BC /* HomeView.swift in Sources */,
				3AD02DA22745ED68001B1458 /* DataManager.swift in Sources */,
				25A2D2CB274C337900332160 /* FinalScoreView.swift in Sources */,
				25207589274A7117002A77D5 /* HanZiUtils.swift in Sources */,
				25A9555F27493D0A002CD34A /* UIBezierPathExtensions.swift in Sources */,
				25BCDBDD274A141600518EB3 /* StringExtensions.swift in Sources */,
				2606A378277DE189008431BC /* WordAnimationView.swift in Sources */,
				25BCDBDF274A34F800518EB3 /* StreamReader.swift in Sources */,
				26B7158427476FCB00E35E1B /* ImagePicker.swift in Sources */,
				26A959F9274522D400319126 /* PastSpellingResultView.swift in Sources */,
				2624D9152748E25100F958F8 /* LoadingView.swift in Sources */,
				2606A370277DD288008431BC /* SpellingListView.swift in Sources */,
				26A959F72744E77100319126 /* CheckAnswerView.swift in Sources */,
				2624D9112747D15600F958F8 /* EncouragementMessages.swift in Sources */,
				2627BBC72775C16B00F37291 /* AppUsage.swift in Sources */,
				2606A374277DE12A008431BC /* SpellingTestView.swift in Sources */,
				25A9556327494AE8002CD34A /* CharacterMeaningView.swift in Sources */,
				3AB46A7D273F55E4008AE14E /* Spelling.swift in Sources */,
				25A9555D27493CE3002CD34A /* HanZiGraphic.swift in Sources */,
				2606A376277DE178008431BC /* WordDefinitionView.swift in Sources */,
				3A6E5EA6273BA943006F6AF1 /* writeziApp.swift in Sources */,
				25A2D2CD274C724D00332160 /* OldFinalScoreView.swift in Sources */,
				2520758D274A854E002A77D5 /* HanZiDictionaryEntry.swift in Sources */,
				2606A372277DDD62008431BC /* CheckSpellingView.swift in Sources */,
				26A8EB0A2743D5CF0004FEAE /* SpellingPreviewView.swift in Sources */,
				25707B74274BBB9B00DAC85B /* TestSpellingView.swift in Sources */,
				26A8EB0C2743E2920004FEAE /* WordMeaningView.swift in Sources */,
				3ABD77682747356A0044E324 /* EditSpellingView.swift in Sources */,
				263829582744AD2000CDA75B /* TestSpellingWordView.swift in Sources */,
				25A9555B27493CC8002CD34A /* HanZiAnimationView.swift in Sources */,
				26A8EB0827433EA30004FEAE /* NewSpellingView.swift in Sources */,
				26A959FD2745363100319126 /* CircularProgressView.swift in Sources */,
			);
			runOnlyForDeploymentPostprocessing = 0;
		};
/* End PBXSourcesBuildPhase section */

/* Begin XCBuildConfiguration section */
		3A6E5EAE273BA948006F6AF1 /* Debug */ = {
			isa = XCBuildConfiguration;
			buildSettings = {
				ALWAYS_SEARCH_USER_PATHS = NO;
				CLANG_ANALYZER_NONNULL = YES;
				CLANG_ANALYZER_NUMBER_OBJECT_CONVERSION = YES_AGGRESSIVE;
				CLANG_CXX_LANGUAGE_STANDARD = "gnu++17";
				CLANG_CXX_LIBRARY = "libc++";
				CLANG_ENABLE_MODULES = YES;
				CLANG_ENABLE_OBJC_ARC = YES;
				CLANG_ENABLE_OBJC_WEAK = YES;
				CLANG_WARN_BLOCK_CAPTURE_AUTORELEASING = YES;
				CLANG_WARN_BOOL_CONVERSION = YES;
				CLANG_WARN_COMMA = YES;
				CLANG_WARN_CONSTANT_CONVERSION = YES;
				CLANG_WARN_DEPRECATED_OBJC_IMPLEMENTATIONS = YES;
				CLANG_WARN_DIRECT_OBJC_ISA_USAGE = YES_ERROR;
				CLANG_WARN_DOCUMENTATION_COMMENTS = YES;
				CLANG_WARN_EMPTY_BODY = YES;
				CLANG_WARN_ENUM_CONVERSION = YES;
				CLANG_WARN_INFINITE_RECURSION = YES;
				CLANG_WARN_INT_CONVERSION = YES;
				CLANG_WARN_NON_LITERAL_NULL_CONVERSION = YES;
				CLANG_WARN_OBJC_IMPLICIT_RETAIN_SELF = YES;
				CLANG_WARN_OBJC_LITERAL_CONVERSION = YES;
				CLANG_WARN_OBJC_ROOT_CLASS = YES_ERROR;
				CLANG_WARN_QUOTED_INCLUDE_IN_FRAMEWORK_HEADER = YES;
				CLANG_WARN_RANGE_LOOP_ANALYSIS = YES;
				CLANG_WARN_STRICT_PROTOTYPES = YES;
				CLANG_WARN_SUSPICIOUS_MOVE = YES;
				CLANG_WARN_UNGUARDED_AVAILABILITY = YES_AGGRESSIVE;
				CLANG_WARN_UNREACHABLE_CODE = YES;
				CLANG_WARN__DUPLICATE_METHOD_MATCH = YES;
				COPY_PHASE_STRIP = NO;
				DEBUG_INFORMATION_FORMAT = dwarf;
				ENABLE_STRICT_OBJC_MSGSEND = YES;
				ENABLE_TESTABILITY = YES;
				GCC_C_LANGUAGE_STANDARD = gnu11;
				GCC_DYNAMIC_NO_PIC = NO;
				GCC_NO_COMMON_BLOCKS = YES;
				GCC_OPTIMIZATION_LEVEL = 0;
				GCC_PREPROCESSOR_DEFINITIONS = (
					"DEBUG=1",
					"$(inherited)",
				);
				GCC_WARN_64_TO_32_BIT_CONVERSION = YES;
				GCC_WARN_ABOUT_RETURN_TYPE = YES_ERROR;
				GCC_WARN_UNDECLARED_SELECTOR = YES;
				GCC_WARN_UNINITIALIZED_AUTOS = YES_AGGRESSIVE;
				GCC_WARN_UNUSED_FUNCTION = YES;
				GCC_WARN_UNUSED_VARIABLE = YES;
				IPHONEOS_DEPLOYMENT_TARGET = 15.0;
				MTL_ENABLE_DEBUG_INFO = INCLUDE_SOURCE;
				MTL_FAST_MATH = YES;
				ONLY_ACTIVE_ARCH = YES;
				SDKROOT = iphoneos;
				SWIFT_ACTIVE_COMPILATION_CONDITIONS = DEBUG;
				SWIFT_OPTIMIZATION_LEVEL = "-Onone";
			};
			name = Debug;
		};
		3A6E5EAF273BA948006F6AF1 /* Release */ = {
			isa = XCBuildConfiguration;
			buildSettings = {
				ALWAYS_SEARCH_USER_PATHS = NO;
				CLANG_ANALYZER_NONNULL = YES;
				CLANG_ANALYZER_NUMBER_OBJECT_CONVERSION = YES_AGGRESSIVE;
				CLANG_CXX_LANGUAGE_STANDARD = "gnu++17";
				CLANG_CXX_LIBRARY = "libc++";
				CLANG_ENABLE_MODULES = YES;
				CLANG_ENABLE_OBJC_ARC = YES;
				CLANG_ENABLE_OBJC_WEAK = YES;
				CLANG_WARN_BLOCK_CAPTURE_AUTORELEASING = YES;
				CLANG_WARN_BOOL_CONVERSION = YES;
				CLANG_WARN_COMMA = YES;
				CLANG_WARN_CONSTANT_CONVERSION = YES;
				CLANG_WARN_DEPRECATED_OBJC_IMPLEMENTATIONS = YES;
				CLANG_WARN_DIRECT_OBJC_ISA_USAGE = YES_ERROR;
				CLANG_WARN_DOCUMENTATION_COMMENTS = YES;
				CLANG_WARN_EMPTY_BODY = YES;
				CLANG_WARN_ENUM_CONVERSION = YES;
				CLANG_WARN_INFINITE_RECURSION = YES;
				CLANG_WARN_INT_CONVERSION = YES;
				CLANG_WARN_NON_LITERAL_NULL_CONVERSION = YES;
				CLANG_WARN_OBJC_IMPLICIT_RETAIN_SELF = YES;
				CLANG_WARN_OBJC_LITERAL_CONVERSION = YES;
				CLANG_WARN_OBJC_ROOT_CLASS = YES_ERROR;
				CLANG_WARN_QUOTED_INCLUDE_IN_FRAMEWORK_HEADER = YES;
				CLANG_WARN_RANGE_LOOP_ANALYSIS = YES;
				CLANG_WARN_STRICT_PROTOTYPES = YES;
				CLANG_WARN_SUSPICIOUS_MOVE = YES;
				CLANG_WARN_UNGUARDED_AVAILABILITY = YES_AGGRESSIVE;
				CLANG_WARN_UNREACHABLE_CODE = YES;
				CLANG_WARN__DUPLICATE_METHOD_MATCH = YES;
				COPY_PHASE_STRIP = NO;
				DEBUG_INFORMATION_FORMAT = "dwarf-with-dsym";
				ENABLE_NS_ASSERTIONS = NO;
				ENABLE_STRICT_OBJC_MSGSEND = YES;
				GCC_C_LANGUAGE_STANDARD = gnu11;
				GCC_NO_COMMON_BLOCKS = YES;
				GCC_WARN_64_TO_32_BIT_CONVERSION = YES;
				GCC_WARN_ABOUT_RETURN_TYPE = YES_ERROR;
				GCC_WARN_UNDECLARED_SELECTOR = YES;
				GCC_WARN_UNINITIALIZED_AUTOS = YES_AGGRESSIVE;
				GCC_WARN_UNUSED_FUNCTION = YES;
				GCC_WARN_UNUSED_VARIABLE = YES;
				IPHONEOS_DEPLOYMENT_TARGET = 15.0;
				MTL_ENABLE_DEBUG_INFO = NO;
				MTL_FAST_MATH = YES;
				SDKROOT = iphoneos;
				SWIFT_COMPILATION_MODE = wholemodule;
				SWIFT_OPTIMIZATION_LEVEL = "-O";
				VALIDATE_PRODUCT = YES;
			};
			name = Release;
		};
		3A6E5EB1273BA948006F6AF1 /* Debug */ = {
			isa = XCBuildConfiguration;
			buildSettings = {
				ASSETCATALOG_COMPILER_APPICON_NAME = AppIcon;
				ASSETCATALOG_COMPILER_GLOBAL_ACCENT_COLOR_NAME = AccentColor;
				CODE_SIGN_STYLE = Automatic;
				CURRENT_PROJECT_VERSION = 1;
				DEVELOPMENT_ASSET_PATHS = "\"writezi/Preview Content\"";
				ENABLE_PREVIEWS = YES;
				GENERATE_INFOPLIST_FILE = YES;
				INFOPLIST_KEY_UIApplicationSceneManifest_Generation = YES;
				INFOPLIST_KEY_UIApplicationSupportsIndirectInputEvents = YES;
				INFOPLIST_KEY_UILaunchScreen_Generation = YES;
				INFOPLIST_KEY_UISupportedInterfaceOrientations_iPad = "UIInterfaceOrientationPortrait UIInterfaceOrientationPortraitUpsideDown UIInterfaceOrientationLandscapeLeft UIInterfaceOrientationLandscapeRight";
				INFOPLIST_KEY_UISupportedInterfaceOrientations_iPhone = "UIInterfaceOrientationPortrait UIInterfaceOrientationLandscapeLeft UIInterfaceOrientationLandscapeRight";
				LD_RUNPATH_SEARCH_PATHS = (
					"$(inherited)",
					"@executable_path/Frameworks",
				);
				MARKETING_VERSION = 1.0;
				PRODUCT_BUNDLE_IDENTIFIER = sg.tk.writezi;
				PRODUCT_NAME = "$(TARGET_NAME)";
				SWIFT_EMIT_LOC_STRINGS = YES;
				SWIFT_VERSION = 5.0;
				TARGETED_DEVICE_FAMILY = 1;
			};
			name = Debug;
		};
		3A6E5EB2273BA948006F6AF1 /* Release */ = {
			isa = XCBuildConfiguration;
			buildSettings = {
				ASSETCATALOG_COMPILER_APPICON_NAME = AppIcon;
				ASSETCATALOG_COMPILER_GLOBAL_ACCENT_COLOR_NAME = AccentColor;
				CODE_SIGN_STYLE = Automatic;
				CURRENT_PROJECT_VERSION = 1;
				DEVELOPMENT_ASSET_PATHS = "\"writezi/Preview Content\"";
				ENABLE_PREVIEWS = YES;
				GENERATE_INFOPLIST_FILE = YES;
				INFOPLIST_KEY_UIApplicationSceneManifest_Generation = YES;
				INFOPLIST_KEY_UIApplicationSupportsIndirectInputEvents = YES;
				INFOPLIST_KEY_UILaunchScreen_Generation = YES;
				INFOPLIST_KEY_UISupportedInterfaceOrientations_iPad = "UIInterfaceOrientationPortrait UIInterfaceOrientationPortraitUpsideDown UIInterfaceOrientationLandscapeLeft UIInterfaceOrientationLandscapeRight";
				INFOPLIST_KEY_UISupportedInterfaceOrientations_iPhone = "UIInterfaceOrientationPortrait UIInterfaceOrientationLandscapeLeft UIInterfaceOrientationLandscapeRight";
				LD_RUNPATH_SEARCH_PATHS = (
					"$(inherited)",
					"@executable_path/Frameworks",
				);
				MARKETING_VERSION = 1.0;
				PRODUCT_BUNDLE_IDENTIFIER = sg.tk.writezi;
				PRODUCT_NAME = "$(TARGET_NAME)";
				SWIFT_EMIT_LOC_STRINGS = YES;
				SWIFT_VERSION = 5.0;
				TARGETED_DEVICE_FAMILY = 1;
			};
			name = Release;
		};
/* End XCBuildConfiguration section */

/* Begin XCConfigurationList section */
		3A6E5E9D273BA943006F6AF1 /* Build configuration list for PBXProject "writezi" */ = {
			isa = XCConfigurationList;
			buildConfigurations = (
				3A6E5EAE273BA948006F6AF1 /* Debug */,
				3A6E5EAF273BA948006F6AF1 /* Release */,
			);
			defaultConfigurationIsVisible = 0;
			defaultConfigurationName = Release;
		};
		3A6E5EB0273BA948006F6AF1 /* Build configuration list for PBXNativeTarget "writezi" */ = {
			isa = XCConfigurationList;
			buildConfigurations = (
				3A6E5EB1273BA948006F6AF1 /* Debug */,
				3A6E5EB2273BA948006F6AF1 /* Release */,
			);
			defaultConfigurationIsVisible = 0;
			defaultConfigurationName = Release;
		};
/* End XCConfigurationList section */
	};
	rootObject = 3A6E5E9A273BA942006F6AF1 /* Project object */;
}
